Microsoft Visual Studio Solution File, Format Version 12.00
# Visual Studio Version 17
VisualStudioVersion = 17.5.2.0
MinimumVisualStudioVersion = 10.0.40219.1
Project("{2150E333-8FDC-42A3-9474-1A3956D46DE8}") = "src", "src", "{827E0CD3-B72D-47B6-A68D-7590B98EB39B}"
EndProject
Project("{2150E333-8FDC-42A3-9474-1A3956D46DE8}") = "debugger", "debugger", "{33655211-E88F-199E-4E2D-300D4EDF0AAA}"
EndProject
Project("{2150E333-8FDC-42A3-9474-1A3956D46DE8}") = "bridge", "bridge", "{DEA41E56-61F9-DABC-70F0-4C631C843DE7}"
EndProject
Project("{2150E333-8FDC-42A3-9474-1A3956D46DE8}") = "dotnet", "dotnet", "{0294C6F0-A09A-D114-B68B-5519099D683E}"
EndProject
Project("{FAE04EC0-301F-11D3-BF4B-00C04F79EFBC}") = "nanoFramework.Tools.DebugBridge", "src\debugger\bridge\dotnet\nanoFramework.Tools.DebugBridge\nanoFramework.Tools.DebugBridge.csproj", "{91E4E126-0931-012A-B132-E37DBC30528C}"
EndProject
Global
	GlobalSection(SolutionConfigurationPlatforms) = preSolution
		Debug|Any CPU = Debug|Any CPU
		Release|Any CPU = Release|Any CPU
	EndGlobalSection
	GlobalSection(ProjectConfigurationPlatforms) = postSolution
		{91E4E126-0931-012A-B132-E37DBC30528C}.Debug|Any CPU.ActiveCfg = Debug|Any CPU
		{91E4E126-0931-012A-B132-E37DBC30528C}.Debug|Any CPU.Build.0 = Debug|Any CPU
		{91E4E126-0931-012A-B132-E37DBC30528C}.Release|Any CPU.ActiveCfg = Release|Any CPU
		{91E4E126-0931-012A-B132-E37DBC30528C}.Release|Any CPU.Build.0 = Release|Any CPU
	EndGlobalSection
	GlobalSection(SolutionProperties) = preSolution
		HideSolutionNode = FALSE
	EndGlobalSection
	GlobalSection(NestedProjects) = preSolution
		{33655211-E88F-199E-4E2D-300D4EDF0AAA} = {827E0CD3-B72D-47B6-A68D-7590B98EB39B}
		{DEA41E56-61F9-DABC-70F0-4C631C843DE7} = {33655211-E88F-199E-4E2D-300D4EDF0AAA}
		{0294C6F0-A09A-D114-B68B-5519099D683E} = {DEA41E56-61F9-DABC-70F0-4C631C843DE7}
		{91E4E126-0931-012A-B132-E37DBC30528C} = {0294C6F0-A09A-D114-B68B-5519099D683E}
	EndGlobalSection
	GlobalSection(ExtensibilityGlobals) = postSolution
		SolutionGuid = {F3836D8F-B175-4CD0-BD0C-B701F6CDC036}
	EndGlobalSection
EndGlobal